
Microsoft Visual Studio Solution File, Format Version 12.00
# Visual Studio Version 17
VisualStudioVersion = 17.0.31903.59
MinimumVisualStudioVersion = 10.0.40219.1
Project("{FAE04EC0-301F-11D3-BF4B-00C04F79EFBC}") = "IntCollections", "IntCollections\IntCollections.csproj", "{E396D836-4B6F-42F0-A5DC-BDAA3B7B1EFC}"
EndProject
Project("{FAE04EC0-301F-11D3-BF4B-00C04F79EFBC}") = "EqualPlayer", "EqualPlayer\EqualPlayer.csproj", "{4D3944EF-95C9-449A-AE21-710540E9E299}"
EndProject
Project("{FAE04EC0-301F-11D3-BF4B-00C04F79EFBC}") = "FilePower1", "FilePower1\FilePower1.csproj", "{1A81B7FF-CCC3-479B-B091-453B63B6A940}"
EndProject
Project("{FAE04EC0-301F-11D3-BF4B-00C04F79EFBC}") = "FilePower2", "FilePower2\FilePower2.csproj", "{F97A6D90-BF7A-479E-B87D-1EEA7486261F}"
EndProject
Global
	GlobalSection(SolutionConfigurationPlatforms) = preSolution
		Debug|Any CPU = Debug|Any CPU
		Release|Any CPU = Release|Any CPU
	EndGlobalSection
	GlobalSection(SolutionProperties) = preSolution
		HideSolutionNode = FALSE
	EndGlobalSection
	GlobalSection(ProjectConfigurationPlatforms) = postSolution
		{E396D836-4B6F-42F0-A5DC-BDAA3B7B1EFC}.Debug|Any CPU.ActiveCfg = Debug|Any CPU
		{E396D836-4B6F-42F0-A5DC-BDAA3B7B1EFC}.Debug|Any CPU.Build.0 = Debug|Any CPU
		{E396D836-4B6F-42F0-A5DC-BDAA3B7B1EFC}.Release|Any CPU.ActiveCfg = Release|Any CPU
		{E396D836-4B6F-42F0-A5DC-BDAA3B7B1EFC}.Release|Any CPU.Build.0 = Release|Any CPU
		{4D3944EF-95C9-449A-AE21-710540E9E299}.Debug|Any CPU.ActiveCfg = Debug|Any CPU
		{4D3944EF-95C9-449A-AE21-710540E9E299}.Debug|Any CPU.Build.0 = Debug|Any CPU
		{4D3944EF-95C9-449A-AE21-710540E9E299}.Release|Any CPU.ActiveCfg = Release|Any CPU
		{4D3944EF-95C9-449A-AE21-710540E9E299}.Release|Any CPU.Build.0 = Release|Any CPU
		{1A81B7FF-CCC3-479B-B091-453B63B6A940}.Debug|Any CPU.ActiveCfg = Debug|Any CPU
		{1A81B7FF-CCC3-479B-B091-453B63B6A940}.Debug|Any CPU.Build.0 = Debug|Any CPU
		{1A81B7FF-CCC3-479B-B091-453B63B6A940}.Release|Any CPU.ActiveCfg = Release|Any CPU
		{1A81B7FF-CCC3-479B-B091-453B63B6A940}.Release|Any CPU.Build.0 = Release|Any CPU
		{F97A6D90-BF7A-479E-B87D-1EEA7486261F}.Debug|Any CPU.ActiveCfg = Debug|Any CPU
		{F97A6D90-BF7A-479E-B87D-1EEA7486261F}.Debug|Any CPU.Build.0 = Debug|Any CPU
		{F97A6D90-BF7A-479E-B87D-1EEA7486261F}.Release|Any CPU.ActiveCfg = Release|Any CPU
		{F97A6D90-BF7A-479E-B87D-1EEA7486261F}.Release|Any CPU.Build.0 = Release|Any CPU
	EndGlobalSection
EndGlobal
